
Microsoft Visual Studio Solution File, Format Version 12.00
# Visual Studio 2012
Project("{911E67C6-3D85-4FCE-B560-20A9C3E3FF48}") = "TetrisGame", "TetrisGame.exe", "{DB5030CC-7217-4E99-BB03-50CB18CE834D}"
	ProjectSection(DebuggerProjectSystem) = preProject
		PortSupplier = 00000000-0000-0000-0000-000000000000
		Executable = D:\C++\TetrisGame-master\TetrisGame\TetrisGame\TetrisGame\Release\TetrisGame.exe
		RemoteMachine = DAN
		StartingDirectory = D:\C++\TetrisGame-master\TetrisGame\TetrisGame\TetrisGame\Release
		Environment = Default
		LaunchingEngine = 00000000-0000-0000-0000-000000000000
		LaunchSQLEngine = No
		AttachLaunchAction = No
	EndProjectSection
EndProject
Global
	GlobalSection(SolutionConfigurationPlatforms) = preSolution
		Debug|x86 = Debug|x86
	EndGlobalSection
	GlobalSection(ProjectConfigurationPlatforms) = postSolution
		{DB5030CC-7217-4E99-BB03-50CB18CE834D}.Debug|x86.ActiveCfg = Debug|x86
	EndGlobalSection
	GlobalSection(SolutionProperties) = preSolution
		HideSolutionNode = FALSE
	EndGlobalSection
EndGlobal
